
Microsoft Visual Studio Solution File, Format Version 12.00
# Visual Studio Version 17
VisualStudioVersion = 17.2.32526.322
MinimumVisualStudioVersion = 10.0.40219.1
Project("{2150E333-8FDC-42A3-9474-1A3956D46DE8}") = "src", "src", "{CA9AC87F-097E-4F15-8393-4BC07735A5B0}"
EndProject
Project("{2150E333-8FDC-42A3-9474-1A3956D46DE8}") = "test", "test", "{04DBDB01-70F4-4E06-B468-8F87850B22BE}"
EndProject
Project("{2150E333-8FDC-42A3-9474-1A3956D46DE8}") = "identity", "identity", "{1C4ACF57-25F8-4924-AB4B-D4C26C9E0FC1}"
EndProject
Project("{2150E333-8FDC-42A3-9474-1A3956D46DE8}") = "common", "common", "{0FC5C74A-D6D6-4934-8C0D-184E70CE0C0B}"
EndProject
Project("{2150E333-8FDC-42A3-9474-1A3956D46DE8}") = "domain", "domain", "{766F9EE5-3EA8-48E3-BB7B-906A9DEFA412}"
EndProject
Project("{2150E333-8FDC-42A3-9474-1A3956D46DE8}") = "infrastructure", "infrastructure", "{27EC79A9-42CF-4176-B3BB-697B07AA287B}"
EndProject
Project("{2150E333-8FDC-42A3-9474-1A3956D46DE8}") = "public", "public", "{42079C50-0D57-4885-82E2-2C7CCB4BE635}"
EndProject
Project("{2150E333-8FDC-42A3-9474-1A3956D46DE8}") = "admin", "admin", "{356C65AF-4E2F-4D6A-97E7-D11B384EBFB5}"
EndProject
Project("{9A19103F-16F7-4668-BE54-9A1E7A4F7556}") = "HolwnEcommerce.Application", "src\HolwnEcommerce.Application\HolwnEcommerce.Application.csproj", "{4554D4EB-69CD-4ED2-9306-3E6E165797D7}"
EndProject
Project("{9A19103F-16F7-4668-BE54-9A1E7A4F7556}") = "HolwnEcommerce.Application.Contracts", "src\HolwnEcommerce.Application.Contracts\HolwnEcommerce.Application.Contracts.csproj", "{46366EAB-0FD1-4893-8B46-9DC3340404C8}"
EndProject
Project("{9A19103F-16F7-4668-BE54-9A1E7A4F7556}") = "HolwnEcommerce.HttpApi", "src\HolwnEcommerce.HttpApi\HolwnEcommerce.HttpApi.csproj", "{18F2B279-8871-4FAF-97F3-9D1CDFBA9D1D}"
EndProject
Project("{9A19103F-16F7-4668-BE54-9A1E7A4F7556}") = "HolwnEcommerce.HttpApi.Client", "src\HolwnEcommerce.HttpApi.Client\HolwnEcommerce.HttpApi.Client.csproj", "{E5F7D098-776B-46F5-A5F7-59DE6ADDA3A8}"
EndProject
Project("{9A19103F-16F7-4668-BE54-9A1E7A4F7556}") = "HolwnEcommerce.HttpApi.Host", "src\HolwnEcommerce.HttpApi.Host\HolwnEcommerce.HttpApi.Host.csproj", "{654787AC-2F1B-4912-84BA-699555D562DB}"
EndProject
Project("{9A19103F-16F7-4668-BE54-9A1E7A4F7556}") = "HolwnEcommerce.Application.Tests", "test\HolwnEcommerce.Application.Tests\HolwnEcommerce.Application.Tests.csproj", "{437565F9-525B-4CE4-9FA8-6BA60DC03CCD}"
EndProject
Project("{9A19103F-16F7-4668-BE54-9A1E7A4F7556}") = "HolwnEcommerce.Domain.Tests", "test\HolwnEcommerce.Domain.Tests\HolwnEcommerce.Domain.Tests.csproj", "{11289278-91DF-4024-BEE5-F118F9946D77}"
EndProject
Project("{9A19103F-16F7-4668-BE54-9A1E7A4F7556}") = "HolwnEcommerce.EntityFrameworkCore.Tests", "test\HolwnEcommerce.EntityFrameworkCore.Tests\HolwnEcommerce.EntityFrameworkCore.Tests.csproj", "{B6405024-C4B8-4BCB-BC01-F99A0FA54163}"
EndProject
Project("{9A19103F-16F7-4668-BE54-9A1E7A4F7556}") = "HolwnEcommerce.HttpApi.Client.ConsoleTestApp", "test\HolwnEcommerce.HttpApi.Client.ConsoleTestApp\HolwnEcommerce.HttpApi.Client.ConsoleTestApp.csproj", "{A032FA99-6F87-446F-8F15-A51CEFA5F59A}"
EndProject
Project("{9A19103F-16F7-4668-BE54-9A1E7A4F7556}") = "HolwnEcommerce.TestBase", "test\HolwnEcommerce.TestBase\HolwnEcommerce.TestBase.csproj", "{18AEB44C-2AC9-4357-B2CD-1063B081DCA8}"
EndProject
Project("{9A19103F-16F7-4668-BE54-9A1E7A4F7556}") = "HolwnEcommerce.AuthServer", "src\HolwnEcommerce.AuthServer\HolwnEcommerce.AuthServer.csproj", "{E5FEBA8F-62D0-4882-908B-3FDBF55B0982}"
EndProject
Project("{9A19103F-16F7-4668-BE54-9A1E7A4F7556}") = "HolwnEcommerce.Domain", "src\HolwnEcommerce.Domain\HolwnEcommerce.Domain.csproj", "{BD18CAD1-D691-4A5E-9080-EFFF7AD8EF9A}"
EndProject
Project("{9A19103F-16F7-4668-BE54-9A1E7A4F7556}") = "HolwnEcommerce.Domain.Shared", "src\HolwnEcommerce.Domain.Shared\HolwnEcommerce.Domain.Shared.csproj", "{C66E3EE3-13B0-422C-81B0-AA294AA91698}"
EndProject
Project("{9A19103F-16F7-4668-BE54-9A1E7A4F7556}") = "HolwnEcommerce.DbMigrator", "src\HolwnEcommerce.DbMigrator\HolwnEcommerce.DbMigrator.csproj", "{0A639117-7A4B-40FB-AA87-9B5A54A359C9}"
EndProject
Project("{9A19103F-16F7-4668-BE54-9A1E7A4F7556}") = "HolwnEcommerce.EntityFrameworkCore", "src\HolwnEcommerce.EntityFrameworkCore\HolwnEcommerce.EntityFrameworkCore.csproj", "{3D068151-BD7C-4785-81EE-97CF2A9B342E}"
EndProject
Project("{9A19103F-16F7-4668-BE54-9A1E7A4F7556}") = "HolwnEcommerce.Admin.Application", "src\HolwnEcommerce.Admin.Application\HolwnEcommerce.Admin.Application.csproj", "{E9116E0D-15EF-47CE-BA8C-299707855776}"
EndProject
Project("{9A19103F-16F7-4668-BE54-9A1E7A4F7556}") = "HolwnEcommerce.Admin.Application.Contracts", "src\HolwnEcommerce.Admin.Application.Contracts\HolwnEcommerce.Admin.Application.Contracts.csproj", "{0409E77B-9C1C-4084-84E3-CD4A37F523F1}"
EndProject
Project("{9A19103F-16F7-4668-BE54-9A1E7A4F7556}") = "HolwnEcommerce.Admin.HttpApi", "src\HolwnEcommerce.Admin.HttpApi\HolwnEcommerce.Admin.HttpApi.csproj", "{14544726-F4DC-4EF7-8D31-82A110F0DD88}"
EndProject
Project("{9A19103F-16F7-4668-BE54-9A1E7A4F7556}") = "HolwnEcommerce.Admin.HttpApi.Client", "src\HolwnEcommerce.Admin.HttpApi.Client\HolwnEcommerce.Admin.HttpApi.Client.csproj", "{EC4B23BC-EF19-421F-A3D7-E10F3B588FFA}"
EndProject
Project("{9A19103F-16F7-4668-BE54-9A1E7A4F7556}") = "HolwnEcommerce.Admin.HttpApi.Host", "src\HolwnEcommerce.Admin.HttpApi.Host\HolwnEcommerce.Admin.HttpApi.Host.csproj", "{919A0D6A-7AD7-4695-B8EA-3620461413AF}"
EndProject
Project("{2150E333-8FDC-42A3-9474-1A3956D46DE8}") = "admin", "admin", "{3310F2AA-DE89-4133-BF01-F588895C5A08}"
EndProject
Project("{9A19103F-16F7-4668-BE54-9A1E7A4F7556}") = "HolwnEcommerce.Admin.Application.Tests", "test\HolwnEcommerce.Admin.Application.Tests\HolwnEcommerce.Admin.Application.Tests.csproj", "{61CD8F92-0439-4B30-9B6F-D789E18FEDFC}"
EndProject
Project("{9A19103F-16F7-4668-BE54-9A1E7A4F7556}") = "HolwnEcommerce.Admin.HttpApi.Client.ConsoleTestApp", "test\HolwnEcommerce.Admin.HttpApi.Client.ConsoleTestApp\HolwnEcommerce.Admin.HttpApi.Client.ConsoleTestApp.csproj", "{4262E4C5-7267-411F-897D-4E3CB8413259}"
EndProject
Project("{2150E333-8FDC-42A3-9474-1A3956D46DE8}") = "public", "public", "{76487DEE-3290-44D7-84B0-1C4B35309593}"
EndProject
Project("{2150E333-8FDC-42A3-9474-1A3956D46DE8}") = "shared", "shared", "{B90D17D1-293A-4FBE-B900-59A8C1549DF6}"
EndProject
Global
	GlobalSection(SolutionConfigurationPlatforms) = preSolution
		Debug|Any CPU = Debug|Any CPU
		Release|Any CPU = Release|Any CPU
	EndGlobalSection
	GlobalSection(ProjectConfigurationPlatforms) = postSolution
		{4554D4EB-69CD-4ED2-9306-3E6E165797D7}.Debug|Any CPU.ActiveCfg = Debug|Any CPU
		{4554D4EB-69CD-4ED2-9306-3E6E165797D7}.Debug|Any CPU.Build.0 = Debug|Any CPU
		{4554D4EB-69CD-4ED2-9306-3E6E165797D7}.Release|Any CPU.ActiveCfg = Release|Any CPU
		{4554D4EB-69CD-4ED2-9306-3E6E165797D7}.Release|Any CPU.Build.0 = Release|Any CPU
		{46366EAB-0FD1-4893-8B46-9DC3340404C8}.Debug|Any CPU.ActiveCfg = Debug|Any CPU
		{46366EAB-0FD1-4893-8B46-9DC3340404C8}.Debug|Any CPU.Build.0 = Debug|Any CPU
		{46366EAB-0FD1-4893-8B46-9DC3340404C8}.Release|Any CPU.ActiveCfg = Release|Any CPU
		{46366EAB-0FD1-4893-8B46-9DC3340404C8}.Release|Any CPU.Build.0 = Release|Any CPU
		{18F2B279-8871-4FAF-97F3-9D1CDFBA9D1D}.Debug|Any CPU.ActiveCfg = Debug|Any CPU
		{18F2B279-8871-4FAF-97F3-9D1CDFBA9D1D}.Debug|Any CPU.Build.0 = Debug|Any CPU
		{18F2B279-8871-4FAF-97F3-9D1CDFBA9D1D}.Release|Any CPU.ActiveCfg = Release|Any CPU
		{18F2B279-8871-4FAF-97F3-9D1CDFBA9D1D}.Release|Any CPU.Build.0 = Release|Any CPU
		{E5F7D098-776B-46F5-A5F7-59DE6ADDA3A8}.Debug|Any CPU.ActiveCfg = Debug|Any CPU
		{E5F7D098-776B-46F5-A5F7-59DE6ADDA3A8}.Debug|Any CPU.Build.0 = Debug|Any CPU
		{E5F7D098-776B-46F5-A5F7-59DE6ADDA3A8}.Release|Any CPU.ActiveCfg = Release|Any CPU
		{E5F7D098-776B-46F5-A5F7-59DE6ADDA3A8}.Release|Any CPU.Build.0 = Release|Any CPU
		{654787AC-2F1B-4912-84BA-699555D562DB}.Debug|Any CPU.ActiveCfg = Debug|Any CPU
		{654787AC-2F1B-4912-84BA-699555D562DB}.Debug|Any CPU.Build.0 = Debug|Any CPU
		{654787AC-2F1B-4912-84BA-699555D562DB}.Release|Any CPU.ActiveCfg = Release|Any CPU
		{654787AC-2F1B-4912-84BA-699555D562DB}.Release|Any CPU.Build.0 = Release|Any CPU
		{437565F9-525B-4CE4-9FA8-6BA60DC03CCD}.Debug|Any CPU.ActiveCfg = Debug|Any CPU
		{437565F9-525B-4CE4-9FA8-6BA60DC03CCD}.Debug|Any CPU.Build.0 = Debug|Any CPU
		{437565F9-525B-4CE4-9FA8-6BA60DC03CCD}.Release|Any CPU.ActiveCfg = Release|Any CPU
		{437565F9-525B-4CE4-9FA8-6BA60DC03CCD}.Release|Any CPU.Build.0 = Release|Any CPU
		{11289278-91DF-4024-BEE5-F118F9946D77}.Debug|Any CPU.ActiveCfg = Debug|Any CPU
		{11289278-91DF-4024-BEE5-F118F9946D77}.Debug|Any CPU.Build.0 = Debug|Any CPU
		{11289278-91DF-4024-BEE5-F118F9946D77}.Release|Any CPU.ActiveCfg = Release|Any CPU
		{11289278-91DF-4024-BEE5-F118F9946D77}.Release|Any CPU.Build.0 = Release|Any CPU
		{B6405024-C4B8-4BCB-BC01-F99A0FA54163}.Debug|Any CPU.ActiveCfg = Debug|Any CPU
		{B6405024-C4B8-4BCB-BC01-F99A0FA54163}.Debug|Any CPU.Build.0 = Debug|Any CPU
		{B6405024-C4B8-4BCB-BC01-F99A0FA54163}.Release|Any CPU.ActiveCfg = Release|Any CPU
		{B6405024-C4B8-4BCB-BC01-F99A0FA54163}.Release|Any CPU.Build.0 = Release|Any CPU
		{A032FA99-6F87-446F-8F15-A51CEFA5F59A}.Debug|Any CPU.ActiveCfg = Debug|Any CPU
		{A032FA99-6F87-446F-8F15-A51CEFA5F59A}.Debug|Any CPU.Build.0 = Debug|Any CPU
		{A032FA99-6F87-446F-8F15-A51CEFA5F59A}.Release|Any CPU.ActiveCfg = Release|Any CPU
		{A032FA99-6F87-446F-8F15-A51CEFA5F59A}.Release|Any CPU.Build.0 = Release|Any CPU
		{18AEB44C-2AC9-4357-B2CD-1063B081DCA8}.Debug|Any CPU.ActiveCfg = Debug|Any CPU
		{18AEB44C-2AC9-4357-B2CD-1063B081DCA8}.Debug|Any CPU.Build.0 = Debug|Any CPU
		{18AEB44C-2AC9-4357-B2CD-1063B081DCA8}.Release|Any CPU.ActiveCfg = Release|Any CPU
		{18AEB44C-2AC9-4357-B2CD-1063B081DCA8}.Release|Any CPU.Build.0 = Release|Any CPU
		{E5FEBA8F-62D0-4882-908B-3FDBF55B0982}.Debug|Any CPU.ActiveCfg = Debug|Any CPU
		{E5FEBA8F-62D0-4882-908B-3FDBF55B0982}.Debug|Any CPU.Build.0 = Debug|Any CPU
		{E5FEBA8F-62D0-4882-908B-3FDBF55B0982}.Release|Any CPU.ActiveCfg = Release|Any CPU
		{E5FEBA8F-62D0-4882-908B-3FDBF55B0982}.Release|Any CPU.Build.0 = Release|Any CPU
		{BD18CAD1-D691-4A5E-9080-EFFF7AD8EF9A}.Debug|Any CPU.ActiveCfg = Debug|Any CPU
		{BD18CAD1-D691-4A5E-9080-EFFF7AD8EF9A}.Debug|Any CPU.Build.0 = Debug|Any CPU
		{BD18CAD1-D691-4A5E-9080-EFFF7AD8EF9A}.Release|Any CPU.ActiveCfg = Release|Any CPU
		{BD18CAD1-D691-4A5E-9080-EFFF7AD8EF9A}.Release|Any CPU.Build.0 = Release|Any CPU
		{C66E3EE3-13B0-422C-81B0-AA294AA91698}.Debug|Any CPU.ActiveCfg = Debug|Any CPU
		{C66E3EE3-13B0-422C-81B0-AA294AA91698}.Debug|Any CPU.Build.0 = Debug|Any CPU
		{C66E3EE3-13B0-422C-81B0-AA294AA91698}.Release|Any CPU.ActiveCfg = Release|Any CPU
		{C66E3EE3-13B0-422C-81B0-AA294AA91698}.Release|Any CPU.Build.0 = Release|Any CPU
		{0A639117-7A4B-40FB-AA87-9B5A54A359C9}.Debug|Any CPU.ActiveCfg = Debug|Any CPU
		{0A639117-7A4B-40FB-AA87-9B5A54A359C9}.Debug|Any CPU.Build.0 = Debug|Any CPU
		{0A639117-7A4B-40FB-AA87-9B5A54A359C9}.Release|Any CPU.ActiveCfg = Release|Any CPU
		{0A639117-7A4B-40FB-AA87-9B5A54A359C9}.Release|Any CPU.Build.0 = Release|Any CPU
		{3D068151-BD7C-4785-81EE-97CF2A9B342E}.Debug|Any CPU.ActiveCfg = Debug|Any CPU
		{3D068151-BD7C-4785-81EE-97CF2A9B342E}.Debug|Any CPU.Build.0 = Debug|Any CPU
		{3D068151-BD7C-4785-81EE-97CF2A9B342E}.Release|Any CPU.ActiveCfg = Release|Any CPU
		{3D068151-BD7C-4785-81EE-97CF2A9B342E}.Release|Any CPU.Build.0 = Release|Any CPU
		{E9116E0D-15EF-47CE-BA8C-299707855776}.Debug|Any CPU.ActiveCfg = Debug|Any CPU
		{E9116E0D-15EF-47CE-BA8C-299707855776}.Debug|Any CPU.Build.0 = Debug|Any CPU
		{E9116E0D-15EF-47CE-BA8C-299707855776}.Release|Any CPU.ActiveCfg = Release|Any CPU
		{E9116E0D-15EF-47CE-BA8C-299707855776}.Release|Any CPU.Build.0 = Release|Any CPU
		{0409E77B-9C1C-4084-84E3-CD4A37F523F1}.Debug|Any CPU.ActiveCfg = Debug|Any CPU
		{0409E77B-9C1C-4084-84E3-CD4A37F523F1}.Debug|Any CPU.Build.0 = Debug|Any CPU
		{0409E77B-9C1C-4084-84E3-CD4A37F523F1}.Release|Any CPU.ActiveCfg = Release|Any CPU
		{0409E77B-9C1C-4084-84E3-CD4A37F523F1}.Release|Any CPU.Build.0 = Release|Any CPU
		{14544726-F4DC-4EF7-8D31-82A110F0DD88}.Debug|Any CPU.ActiveCfg = Debug|Any CPU
		{14544726-F4DC-4EF7-8D31-82A110F0DD88}.Debug|Any CPU.Build.0 = Debug|Any CPU
		{14544726-F4DC-4EF7-8D31-82A110F0DD88}.Release|Any CPU.ActiveCfg = Release|Any CPU
		{14544726-F4DC-4EF7-8D31-82A110F0DD88}.Release|Any CPU.Build.0 = Release|Any CPU
		{EC4B23BC-EF19-421F-A3D7-E10F3B588FFA}.Debug|Any CPU.ActiveCfg = Debug|Any CPU
		{EC4B23BC-EF19-421F-A3D7-E10F3B588FFA}.Debug|Any CPU.Build.0 = Debug|Any CPU
		{EC4B23BC-EF19-421F-A3D7-E10F3B588FFA}.Release|Any CPU.ActiveCfg = Release|Any CPU
		{EC4B23BC-EF19-421F-A3D7-E10F3B588FFA}.Release|Any CPU.Build.0 = Release|Any CPU
		{919A0D6A-7AD7-4695-B8EA-3620461413AF}.Debug|Any CPU.ActiveCfg = Debug|Any CPU
		{919A0D6A-7AD7-4695-B8EA-3620461413AF}.Debug|Any CPU.Build.0 = Debug|Any CPU
		{919A0D6A-7AD7-4695-B8EA-3620461413AF}.Release|Any CPU.ActiveCfg = Release|Any CPU
		{919A0D6A-7AD7-4695-B8EA-3620461413AF}.Release|Any CPU.Build.0 = Release|Any CPU
		{61CD8F92-0439-4B30-9B6F-D789E18FEDFC}.Debug|Any CPU.ActiveCfg = Debug|Any CPU
		{61CD8F92-0439-4B30-9B6F-D789E18FEDFC}.Debug|Any CPU.Build.0 = Debug|Any CPU
		{61CD8F92-0439-4B30-9B6F-D789E18FEDFC}.Release|Any CPU.ActiveCfg = Release|Any CPU
		{61CD8F92-0439-4B30-9B6F-D789E18FEDFC}.Release|Any CPU.Build.0 = Release|Any CPU
		{4262E4C5-7267-411F-897D-4E3CB8413259}.Debug|Any CPU.ActiveCfg = Debug|Any CPU
		{4262E4C5-7267-411F-897D-4E3CB8413259}.Debug|Any CPU.Build.0 = Debug|Any CPU
		{4262E4C5-7267-411F-897D-4E3CB8413259}.Release|Any CPU.ActiveCfg = Release|Any CPU
		{4262E4C5-7267-411F-897D-4E3CB8413259}.Release|Any CPU.Build.0 = Release|Any CPU
	EndGlobalSection
	GlobalSection(SolutionProperties) = preSolution
		HideSolutionNode = FALSE
	EndGlobalSection
	GlobalSection(NestedProjects) = preSolution
		{1C4ACF57-25F8-4924-AB4B-D4C26C9E0FC1} = {CA9AC87F-097E-4F15-8393-4BC07735A5B0}
		{0FC5C74A-D6D6-4934-8C0D-184E70CE0C0B} = {CA9AC87F-097E-4F15-8393-4BC07735A5B0}
		{766F9EE5-3EA8-48E3-BB7B-906A9DEFA412} = {0FC5C74A-D6D6-4934-8C0D-184E70CE0C0B}
		{27EC79A9-42CF-4176-B3BB-697B07AA287B} = {0FC5C74A-D6D6-4934-8C0D-184E70CE0C0B}
		{42079C50-0D57-4885-82E2-2C7CCB4BE635} = {CA9AC87F-097E-4F15-8393-4BC07735A5B0}
		{356C65AF-4E2F-4D6A-97E7-D11B384EBFB5} = {CA9AC87F-097E-4F15-8393-4BC07735A5B0}
		{4554D4EB-69CD-4ED2-9306-3E6E165797D7} = {42079C50-0D57-4885-82E2-2C7CCB4BE635}
		{46366EAB-0FD1-4893-8B46-9DC3340404C8} = {42079C50-0D57-4885-82E2-2C7CCB4BE635}
		{18F2B279-8871-4FAF-97F3-9D1CDFBA9D1D} = {42079C50-0D57-4885-82E2-2C7CCB4BE635}
		{E5F7D098-776B-46F5-A5F7-59DE6ADDA3A8} = {42079C50-0D57-4885-82E2-2C7CCB4BE635}
		{654787AC-2F1B-4912-84BA-699555D562DB} = {42079C50-0D57-4885-82E2-2C7CCB4BE635}
		{437565F9-525B-4CE4-9FA8-6BA60DC03CCD} = {76487DEE-3290-44D7-84B0-1C4B35309593}
		{11289278-91DF-4024-BEE5-F118F9946D77} = {B90D17D1-293A-4FBE-B900-59A8C1549DF6}
		{B6405024-C4B8-4BCB-BC01-F99A0FA54163} = {B90D17D1-293A-4FBE-B900-59A8C1549DF6}
		{A032FA99-6F87-446F-8F15-A51CEFA5F59A} = {76487DEE-3290-44D7-84B0-1C4B35309593}
		{18AEB44C-2AC9-4357-B2CD-1063B081DCA8} = {B90D17D1-293A-4FBE-B900-59A8C1549DF6}
		{E5FEBA8F-62D0-4882-908B-3FDBF55B0982} = {1C4ACF57-25F8-4924-AB4B-D4C26C9E0FC1}
		{BD18CAD1-D691-4A5E-9080-EFFF7AD8EF9A} = {766F9EE5-3EA8-48E3-BB7B-906A9DEFA412}
		{C66E3EE3-13B0-422C-81B0-AA294AA91698} = {766F9EE5-3EA8-48E3-BB7B-906A9DEFA412}
		{0A639117-7A4B-40FB-AA87-9B5A54A359C9} = {27EC79A9-42CF-4176-B3BB-697B07AA287B}
		{3D068151-BD7C-4785-81EE-97CF2A9B342E} = {27EC79A9-42CF-4176-B3BB-697B07AA287B}
		{E9116E0D-15EF-47CE-BA8C-299707855776} = {356C65AF-4E2F-4D6A-97E7-D11B384EBFB5}
		{0409E77B-9C1C-4084-84E3-CD4A37F523F1} = {356C65AF-4E2F-4D6A-97E7-D11B384EBFB5}
		{14544726-F4DC-4EF7-8D31-82A110F0DD88} = {356C65AF-4E2F-4D6A-97E7-D11B384EBFB5}
		{EC4B23BC-EF19-421F-A3D7-E10F3B588FFA} = {356C65AF-4E2F-4D6A-97E7-D11B384EBFB5}
		{919A0D6A-7AD7-4695-B8EA-3620461413AF} = {356C65AF-4E2F-4D6A-97E7-D11B384EBFB5}
		{3310F2AA-DE89-4133-BF01-F588895C5A08} = {04DBDB01-70F4-4E06-B468-8F87850B22BE}
		{61CD8F92-0439-4B30-9B6F-D789E18FEDFC} = {3310F2AA-DE89-4133-BF01-F588895C5A08}
		{4262E4C5-7267-411F-897D-4E3CB8413259} = {3310F2AA-DE89-4133-BF01-F588895C5A08}
		{76487DEE-3290-44D7-84B0-1C4B35309593} = {04DBDB01-70F4-4E06-B468-8F87850B22BE}
		{B90D17D1-293A-4FBE-B900-59A8C1549DF6} = {04DBDB01-70F4-4E06-B468-8F87850B22BE}
	EndGlobalSection
	GlobalSection(ExtensibilityGlobals) = postSolution
		SolutionGuid = {28315BFD-90E7-4E14-A2EA-F3D23AF4126F}
	EndGlobalSection
EndGlobal
